// !$*UTF8*$!
{
	archiveVersion = 1;
	classes = {
	};
	objectVersion = 50;
	objects = {

/* Begin PBXBuildFile section */
		0833826D0FE4616A4BB4B5CC /* Pods_RxExample.framework in Frameworks */ = {isa = PBXBuildFile; fileRef = 95FF1FBC2CCC14CD6A5A95B4 /* Pods_RxExample.framework */; };
		6702D7F5208E4FB300A90B7B /* AppDelegate.swift in Sources */ = {isa = PBXBuildFile; fileRef = 6702D7F4208E4FB300A90B7B /* AppDelegate.swift */; };
		6702D7F7208E4FB300A90B7B /* ViewController.swift in Sources */ = {isa = PBXBuildFile; fileRef = 6702D7F6208E4FB300A90B7B /* ViewController.swift */; };
		6702D7FA208E4FB300A90B7B /* Main.storyboard in Resources */ = {isa = PBXBuildFile; fileRef = 6702D7F8208E4FB300A90B7B /* Main.storyboard */; };
		6702D7FC208E4FB400A90B7B /* Assets.xcassets in Resources */ = {isa = PBXBuildFile; fileRef = 6702D7FB208E4FB400A90B7B /* Assets.xcassets */; };
		6702D7FF208E4FB400A90B7B /* LaunchScreen.storyboard in Resources */ = {isa = PBXBuildFile; fileRef = 6702D7FD208E4FB400A90B7B /* LaunchScreen.storyboard */; };
		67573D21208F98AB0040CE33 /* NibLoadable.swift in Sources */ = {isa = PBXBuildFile; fileRef = 67573D20208F98AB0040CE33 /* NibLoadable.swift */; };
		67573D23208F98BA0040CE33 /* Reusable.swift in Sources */ = {isa = PBXBuildFile; fileRef = 67573D22208F98BA0040CE33 /* Reusable.swift */; };
		67573D25208F99060040CE33 /* UITableView+Registration.swift in Sources */ = {isa = PBXBuildFile; fileRef = 67573D24208F99060040CE33 /* UITableView+Registration.swift */; };
		67573D29208F99B70040CE33 /* SubtitleCell.swift in Sources */ = {isa = PBXBuildFile; fileRef = 67573D27208F99B70040CE33 /* SubtitleCell.swift */; };
		67573D2A208F99B70040CE33 /* SubtitleCell.xib in Resources */ = {isa = PBXBuildFile; fileRef = 67573D28208F99B70040CE33 /* SubtitleCell.xib */; };
		67C1541F208E535E002F25A6 /* API.swift in Sources */ = {isa = PBXBuildFile; fileRef = 67C1541E208E535E002F25A6 /* API.swift */; };
		67C15422208E53B5002F25A6 /* Request.swift in Sources */ = {isa = PBXBuildFile; fileRef = 67C15421208E53B5002F25A6 /* Request.swift */; };
		67C15425208E53D7002F25A6 /* BaseNetworking.swift in Sources */ = {isa = PBXBuildFile; fileRef = 67C15424208E53D7002F25A6 /* BaseNetworking.swift */; };
		67C15427208E543D002F25A6 /* ReachabilityService.swift in Sources */ = {isa = PBXBuildFile; fileRef = 67C15426208E543D002F25A6 /* ReachabilityService.swift */; };
		67C1542B208E5779002F25A6 /* ViewModelContainer.swift in Sources */ = {isa = PBXBuildFile; fileRef = 67C1542A208E5779002F25A6 /* ViewModelContainer.swift */; };
		67C1542D208E578D002F25A6 /* ViewControllerContainer.swift in Sources */ = {isa = PBXBuildFile; fileRef = 67C1542C208E578D002F25A6 /* ViewControllerContainer.swift */; };
		67C15431208E57BF002F25A6 /* ServiceContainer.swift in Sources */ = {isa = PBXBuildFile; fileRef = 67C15430208E57BF002F25A6 /* ServiceContainer.swift */; };
		67C15436208E5945002F25A6 /* ShopListViewController.swift in Sources */ = {isa = PBXBuildFile; fileRef = 67C15435208E5945002F25A6 /* ShopListViewController.swift */; };
		67C15438208E5996002F25A6 /* ShopListViewModel.swift in Sources */ = {isa = PBXBuildFile; fileRef = 67C15437208E5996002F25A6 /* ShopListViewModel.swift */; };
		67C1543C208E5C1E002F25A6 /* ShopListViewModelProtocol.swift in Sources */ = {isa = PBXBuildFile; fileRef = 67C1543B208E5C1E002F25A6 /* ShopListViewModelProtocol.swift */; };
		67C15441208E5DD4002F25A6 /* ListPosition.swift in Sources */ = {isa = PBXBuildFile; fileRef = 67C15440208E5DD4002F25A6 /* ListPosition.swift */; };
		67C15443208E5DE4002F25A6 /* ListItem.swift in Sources */ = {isa = PBXBuildFile; fileRef = 67C15442208E5DE4002F25A6 /* ListItem.swift */; };
		67C15446208E5E39002F25A6 /* ListPosition+Animatable.swift in Sources */ = {isa = PBXBuildFile; fileRef = 67C15445208E5E39002F25A6 /* ListPosition+Animatable.swift */; };
		67C15449208E62F4002F25A6 /* ShopListService.swift in Sources */ = {isa = PBXBuildFile; fileRef = 67C15448208E62F4002F25A6 /* ShopListService.swift */; };
		67C1544B208E658E002F25A6 /* ShopListServiceProtocol.swift in Sources */ = {isa = PBXBuildFile; fileRef = 67C1544A208E658E002F25A6 /* ShopListServiceProtocol.swift */; };
/* End PBXBuildFile section */

/* Begin PBXFileReference section */
		16E785E2A69982598F4D289D /* Pods-RxExample.release.xcconfig */ = {isa = PBXFileReference; includeInIndex = 1; lastKnownFileType = text.xcconfig; name = "Pods-RxExample.release.xcconfig"; path = "Pods/Target Support Files/Pods-RxExample/Pods-RxExample.release.xcconfig"; sourceTree = "<group>"; };
		6702D7F1208E4FB300A90B7B /* RxExample.app */ = {isa = PBXFileReference; explicitFileType = wrapper.application; includeInIndex = 0; path = RxExample.app; sourceTree = BUILT_PRODUCTS_DIR; };
		6702D7F4208E4FB300A90B7B /* AppDelegate.swift */ = {isa = PBXFileReference; lastKnownFileType = sourcecode.swift; path = AppDelegate.swift; sourceTree = "<group>"; };
		6702D7F6208E4FB300A90B7B /* ViewController.swift */ = {isa = PBXFileReference; lastKnownFileType = sourcecode.swift; path = ViewController.swift; sourceTree = "<group>"; };
		6702D7F9208E4FB300A90B7B /* Base */ = {isa = PBXFileReference; lastKnownFileType = file.storyboard; name = Base; path = Base.lproj/Main.storyboard; sourceTree = "<group>"; };
		6702D7FB208E4FB400A90B7B /* Assets.xcassets */ = {isa = PBXFileReference; lastKnownFileType = folder.assetcatalog; path = Assets.xcassets; sourceTree = "<group>"; };
		6702D7FE208E4FB400A90B7B /* Base */ = {isa = PBXFileReference; lastKnownFileType = file.storyboard; name = Base; path = Base.lproj/LaunchScreen.storyboard; sourceTree = "<group>"; };
		6702D800208E4FB400A90B7B /* Info.plist */ = {isa = PBXFileReference; lastKnownFileType = text.plist.xml; path = Info.plist; sourceTree = "<group>"; };
		67573D20208F98AB0040CE33 /* NibLoadable.swift */ = {isa = PBXFileReference; lastKnownFileType = sourcecode.swift; path = NibLoadable.swift; sourceTree = "<group>"; };
		67573D22208F98BA0040CE33 /* Reusable.swift */ = {isa = PBXFileReference; lastKnownFileType = sourcecode.swift; path = Reusable.swift; sourceTree = "<group>"; };
		67573D24208F99060040CE33 /* UITableView+Registration.swift */ = {isa = PBXFileReference; lastKnownFileType = sourcecode.swift; path = "UITableView+Registration.swift"; sourceTree = "<group>"; };
		67573D27208F99B70040CE33 /* SubtitleCell.swift */ = {isa = PBXFileReference; lastKnownFileType = sourcecode.swift; path = SubtitleCell.swift; sourceTree = "<group>"; };
		67573D28208F99B70040CE33 /* SubtitleCell.xib */ = {isa = PBXFileReference; lastKnownFileType = file.xib; path = SubtitleCell.xib; sourceTree = "<group>"; };
		67C1541E208E535E002F25A6 /* API.swift */ = {isa = PBXFileReference; lastKnownFileType = sourcecode.swift; path = API.swift; sourceTree = "<group>"; };
		67C15421208E53B5002F25A6 /* Request.swift */ = {isa = PBXFileReference; lastKnownFileType = sourcecode.swift; path = Request.swift; sourceTree = "<group>"; };
		67C15424208E53D7002F25A6 /* BaseNetworking.swift */ = {isa = PBXFileReference; lastKnownFileType = sourcecode.swift; path = BaseNetworking.swift; sourceTree = "<group>"; };
		67C15426208E543D002F25A6 /* ReachabilityService.swift */ = {isa = PBXFileReference; lastKnownFileType = sourcecode.swift; path = ReachabilityService.swift; sourceTree = "<group>"; };
		67C1542A208E5779002F25A6 /* ViewModelContainer.swift */ = {isa = PBXFileReference; lastKnownFileType = sourcecode.swift; path = ViewModelContainer.swift; sourceTree = "<group>"; };
		67C1542C208E578D002F25A6 /* ViewControllerContainer.swift */ = {isa = PBXFileReference; lastKnownFileType = sourcecode.swift; path = ViewControllerContainer.swift; sourceTree = "<group>"; };
		67C15430208E57BF002F25A6 /* ServiceContainer.swift */ = {isa = PBXFileReference; lastKnownFileType = sourcecode.swift; path = ServiceContainer.swift; sourceTree = "<group>"; };
		67C15435208E5945002F25A6 /* ShopListViewController.swift */ = {isa = PBXFileReference; lastKnownFileType = sourcecode.swift; path = ShopListViewController.swift; sourceTree = "<group>"; };
		67C15437208E5996002F25A6 /* ShopListViewModel.swift */ = {isa = PBXFileReference; lastKnownFileType = sourcecode.swift; path = ShopListViewModel.swift; sourceTree = "<group>"; };
		67C1543B208E5C1E002F25A6 /* ShopListViewModelProtocol.swift */ = {isa = PBXFileReference; lastKnownFileType = sourcecode.swift; path = ShopListViewModelProtocol.swift; sourceTree = "<group>"; };
		67C15440208E5DD4002F25A6 /* ListPosition.swift */ = {isa = PBXFileReference; lastKnownFileType = sourcecode.swift; path = ListPosition.swift; sourceTree = "<group>"; };
		67C15442208E5DE4002F25A6 /* ListItem.swift */ = {isa = PBXFileReference; lastKnownFileType = sourcecode.swift; path = ListItem.swift; sourceTree = "<group>"; };
		67C15445208E5E39002F25A6 /* ListPosition+Animatable.swift */ = {isa = PBXFileReference; lastKnownFileType = sourcecode.swift; path = "ListPosition+Animatable.swift"; sourceTree = "<group>"; };
		67C15448208E62F4002F25A6 /* ShopListService.swift */ = {isa = PBXFileReference; lastKnownFileType = sourcecode.swift; path = ShopListService.swift; sourceTree = "<group>"; };
		67C1544A208E658E002F25A6 /* ShopListServiceProtocol.swift */ = {isa = PBXFileReference; lastKnownFileType = sourcecode.swift; path = ShopListServiceProtocol.swift; sourceTree = "<group>"; };
		95FF1FBC2CCC14CD6A5A95B4 /* Pods_RxExample.framework */ = {isa = PBXFileReference; explicitFileType = wrapper.framework; includeInIndex = 0; path = Pods_RxExample.framework; sourceTree = BUILT_PRODUCTS_DIR; };
		CFA147B2DC666F6492E60E11 /* Pods-RxExample.debug.xcconfig */ = {isa = PBXFileReference; includeInIndex = 1; lastKnownFileType = text.xcconfig; name = "Pods-RxExample.debug.xcconfig"; path = "Pods/Target Support Files/Pods-RxExample/Pods-RxExample.debug.xcconfig"; sourceTree = "<group>"; };
/* End PBXFileReference section */

/* Begin PBXFrameworksBuildPhase section */
		6702D7EE208E4FB300A90B7B /* Frameworks */ = {
			isa = PBXFrameworksBuildPhase;
			buildActionMask = 2147483647;
			files = (
				0833826D0FE4616A4BB4B5CC /* Pods_RxExample.framework in Frameworks */,
			);
			runOnlyForDeploymentPostprocessing = 0;
		};
/* End PBXFrameworksBuildPhase section */

/* Begin PBXGroup section */
		6265CBE342127A98A6F132E0 /* Pods */ = {
			isa = PBXGroup;
			children = (
				CFA147B2DC666F6492E60E11 /* Pods-RxExample.debug.xcconfig */,
				16E785E2A69982598F4D289D /* Pods-RxExample.release.xcconfig */,
			);
			name = Pods;
			sourceTree = "<group>";
		};
		6702D7E8208E4FB300A90B7B = {
			isa = PBXGroup;
			children = (
				6702D7F3208E4FB300A90B7B /* RxExample */,
				6702D7F2208E4FB300A90B7B /* Products */,
				6265CBE342127A98A6F132E0 /* Pods */,
				EC0A92CE670FAC34F8968BE9 /* Frameworks */,
			);
			sourceTree = "<group>";
		};
		6702D7F2208E4FB300A90B7B /* Products */ = {
			isa = PBXGroup;
			children = (
				6702D7F1208E4FB300A90B7B /* RxExample.app */,
			);
			name = Products;
			sourceTree = "<group>";
		};
		6702D7F3208E4FB300A90B7B /* RxExample */ = {
			isa = PBXGroup;
			children = (
				67573D1F208F989C0040CE33 /* Utilities */,
				67C15444208E5E19002F25A6 /* ModelsExtensions */,
				67C1543F208E5D97002F25A6 /* Models */,
				67C15429208E573D002F25A6 /* Containers */,
				67C15428208E56E9002F25A6 /* Screens */,
				67C1541D208E5354002F25A6 /* Services */,
				6702D7F4208E4FB300A90B7B /* AppDelegate.swift */,
				6702D7F6208E4FB300A90B7B /* ViewController.swift */,
				6702D7F8208E4FB300A90B7B /* Main.storyboard */,
				6702D7FB208E4FB400A90B7B /* Assets.xcassets */,
				6702D7FD208E4FB400A90B7B /* LaunchScreen.storyboard */,
				6702D800208E4FB400A90B7B /* Info.plist */,
			);
			path = RxExample;
			sourceTree = "<group>";
		};
		67573D1F208F989C0040CE33 /* Utilities */ = {
			isa = PBXGroup;
			children = (
				67573D20208F98AB0040CE33 /* NibLoadable.swift */,
				67573D22208F98BA0040CE33 /* Reusable.swift */,
				67573D24208F99060040CE33 /* UITableView+Registration.swift */,
			);
			path = Utilities;
			sourceTree = "<group>";
		};
		67573D26208F998E0040CE33 /* Cell */ = {
			isa = PBXGroup;
			children = (
				67573D27208F99B70040CE33 /* SubtitleCell.swift */,
				67573D28208F99B70040CE33 /* SubtitleCell.xib */,
			);
			path = Cell;
			sourceTree = "<group>";
		};
		67C1541D208E5354002F25A6 /* Services */ = {
			isa = PBXGroup;
			children = (
				67C15447208E62EA002F25A6 /* ShopList */,
				67C15420208E5383002F25A6 /* Networking */,
			);
			path = Services;
			sourceTree = "<group>";
		};
		67C15420208E5383002F25A6 /* Networking */ = {
			isa = PBXGroup;
			children = (
				67C15423208E53C0002F25A6 /* Base */,
				67C15426208E543D002F25A6 /* ReachabilityService.swift */,
			);
			path = Networking;
			sourceTree = "<group>";
		};
		67C15423208E53C0002F25A6 /* Base */ = {
			isa = PBXGroup;
			children = (
				67C15421208E53B5002F25A6 /* Request.swift */,
				67C1541E208E535E002F25A6 /* API.swift */,
				67C15424208E53D7002F25A6 /* BaseNetworking.swift */,
			);
			path = Base;
			sourceTree = "<group>";
		};
		67C15428208E56E9002F25A6 /* Screens */ = {
			isa = PBXGroup;
			children = (
				67C15432208E580F002F25A6 /* ShopList */,
			);
			path = Screens;
			sourceTree = "<group>";
		};
		67C15429208E573D002F25A6 /* Containers */ = {
			isa = PBXGroup;
			children = (
				67C1542A208E5779002F25A6 /* ViewModelContainer.swift */,
				67C1542C208E578D002F25A6 /* ViewControllerContainer.swift */,
				67C15430208E57BF002F25A6 /* ServiceContainer.swift */,
			);
			path = Containers;
			sourceTree = "<group>";
		};
		67C15432208E580F002F25A6 /* ShopList */ = {
			isa = PBXGroup;
			children = (
				67C15434208E5820002F25A6 /* ViewModel */,
				67C15433208E581C002F25A6 /* View */,
			);
			path = ShopList;
			sourceTree = "<group>";
		};
		67C15433208E581C002F25A6 /* View */ = {
			isa = PBXGroup;
			children = (
				67573D26208F998E0040CE33 /* Cell */,
				67C15435208E5945002F25A6 /* ShopListViewController.swift */,
			);
			path = View;
			sourceTree = "<group>";
		};
		67C15434208E5820002F25A6 /* ViewModel */ = {
			isa = PBXGroup;
			children = (
				67C1543B208E5C1E002F25A6 /* ShopListViewModelProtocol.swift */,
				67C15437208E5996002F25A6 /* ShopListViewModel.swift */,
			);
			path = ViewModel;
			sourceTree = "<group>";
		};
		67C1543F208E5D97002F25A6 /* Models */ = {
			isa = PBXGroup;
			children = (
				67C15440208E5DD4002F25A6 /* ListPosition.swift */,
				67C15442208E5DE4002F25A6 /* ListItem.swift */,
			);
			path = Models;
			sourceTree = "<group>";
		};
		67C15444208E5E19002F25A6 /* ModelsExtensions */ = {
			isa = PBXGroup;
			children = (
				67C15445208E5E39002F25A6 /* ListPosition+Animatable.swift */,
			);
			path = ModelsExtensions;
			sourceTree = "<group>";
		};
		67C15447208E62EA002F25A6 /* ShopList */ = {
			isa = PBXGroup;
			children = (
				67C15448208E62F4002F25A6 /* ShopListService.swift */,
				67C1544A208E658E002F25A6 /* ShopListServiceProtocol.swift */,
			);
			path = ShopList;
			sourceTree = "<group>";
		};
		EC0A92CE670FAC34F8968BE9 /* Frameworks */ = {
			isa = PBXGroup;
			children = (
				95FF1FBC2CCC14CD6A5A95B4 /* Pods_RxExample.framework */,
			);
			name = Frameworks;
			sourceTree = "<group>";
		};
/* End PBXGroup section */

/* Begin PBXNativeTarget section */
		6702D7F0208E4FB300A90B7B /* RxExample */ = {
			isa = PBXNativeTarget;
			buildConfigurationList = 6702D803208E4FB400A90B7B /* Build configuration list for PBXNativeTarget "RxExample" */;
			buildPhases = (
				CFACB54082529E6F1A411563 /* [CP] Check Pods Manifest.lock */,
				6702D7ED208E4FB300A90B7B /* Sources */,
				6702D7EE208E4FB300A90B7B /* Frameworks */,
				6702D7EF208E4FB300A90B7B /* Resources */,
				5F1DA46E00FE0EF8472ABA2D /* [CP] Embed Pods Frameworks */,
				1B83E99202ED21FAC351C41E /* [CP] Copy Pods Resources */,
			);
			buildRules = (
			);
			dependencies = (
			);
			name = RxExample;
			productName = RxExample;
			productReference = 6702D7F1208E4FB300A90B7B /* RxExample.app */;
			productType = "com.apple.product-type.application";
		};
/* End PBXNativeTarget section */

/* Begin PBXProject section */
		6702D7E9208E4FB300A90B7B /* Project object */ = {
			isa = PBXProject;
			attributes = {
				LastSwiftUpdateCheck = 0930;
				LastUpgradeCheck = 0930;
				ORGANIZATIONNAME = "Piotr Guzia";
				TargetAttributes = {
					6702D7F0208E4FB300A90B7B = {
						CreatedOnToolsVersion = 9.3;
					};
				};
			};
			buildConfigurationList = 6702D7EC208E4FB300A90B7B /* Build configuration list for PBXProject "RxExample" */;
			compatibilityVersion = "Xcode 9.3";
			developmentRegion = en;
			hasScannedForEncodings = 0;
			knownRegions = (
				en,
				Base,
			);
			mainGroup = 6702D7E8208E4FB300A90B7B;
			productRefGroup = 6702D7F2208E4FB300A90B7B /* Products */;
			projectDirPath = "";
			projectRoot = "";
			targets = (
				6702D7F0208E4FB300A90B7B /* RxExample */,
			);
		};
/* End PBXProject section */

/* Begin PBXResourcesBuildPhase section */
		6702D7EF208E4FB300A90B7B /* Resources */ = {
			isa = PBXResourcesBuildPhase;
			buildActionMask = 2147483647;
			files = (
				6702D7FF208E4FB400A90B7B /* LaunchScreen.storyboard in Resources */,
				67573D2A208F99B70040CE33 /* SubtitleCell.xib in Resources */,
				6702D7FC208E4FB400A90B7B /* Assets.xcassets in Resources */,
				6702D7FA208E4FB300A90B7B /* Main.storyboard in Resources */,
			);
			runOnlyForDeploymentPostprocessing = 0;
		};
/* End PBXResourcesBuildPhase section */

/* Begin PBXShellScriptBuildPhase section */
		1B83E99202ED21FAC351C41E /* [CP] Copy Pods Resources */ = {
			isa = PBXShellScriptBuildPhase;
			buildActionMask = 2147483647;
			files = (
			);
			inputPaths = (
			);
			name = "[CP] Copy Pods Resources";
			outputPaths = (
			);
			runOnlyForDeploymentPostprocessing = 0;
			shellPath = /bin/sh;
			shellScript = "\"${SRCROOT}/Pods/Target Support Files/Pods-RxExample/Pods-RxExample-resources.sh\"\n";
			showEnvVarsInLog = 0;
		};
		5F1DA46E00FE0EF8472ABA2D /* [CP] Embed Pods Frameworks */ = {
			isa = PBXShellScriptBuildPhase;
			buildActionMask = 2147483647;
			files = (
			);
			inputPaths = (
				"${SRCROOT}/Pods/Target Support Files/Pods-RxExample/Pods-RxExample-frameworks.sh",
				"${BUILT_PRODUCTS_DIR}/Alamofire/Alamofire.framework",
				"${BUILT_PRODUCTS_DIR}/Differentiator/Differentiator.framework",
				"${BUILT_PRODUCTS_DIR}/RxCocoa/RxCocoa.framework",
				"${BUILT_PRODUCTS_DIR}/RxDataSources/RxDataSources.framework",
				"${BUILT_PRODUCTS_DIR}/RxSwift/RxSwift.framework",
				"${BUILT_PRODUCTS_DIR}/SnapKit/SnapKit.framework",
				"${BUILT_PRODUCTS_DIR}/Unbox/Unbox.framework",
			);
			name = "[CP] Embed Pods Frameworks";
			outputPaths = (
				"${TARGET_BUILD_DIR}/${FRAMEWORKS_FOLDER_PATH}/Alamofire.framework",
				"${TARGET_BUILD_DIR}/${FRAMEWORKS_FOLDER_PATH}/Differentiator.framework",
				"${TARGET_BUILD_DIR}/${FRAMEWORKS_FOLDER_PATH}/RxCocoa.framework",
				"${TARGET_BUILD_DIR}/${FRAMEWORKS_FOLDER_PATH}/RxDataSources.framework",
				"${TARGET_BUILD_DIR}/${FRAMEWORKS_FOLDER_PATH}/RxSwift.framework",
				"${TARGET_BUILD_DIR}/${FRAMEWORKS_FOLDER_PATH}/SnapKit.framework",
				"${TARGET_BUILD_DIR}/${FRAMEWORKS_FOLDER_PATH}/Unbox.framework",
			);
			runOnlyForDeploymentPostprocessing = 0;
			shellPath = /bin/sh;
			shellScript = "\"${SRCROOT}/Pods/Target Support Files/Pods-RxExample/Pods-RxExample-frameworks.sh\"\n";
			showEnvVarsInLog = 0;
		};
		CFACB54082529E6F1A411563 /* [CP] Check Pods Manifest.lock */ = {
			isa = PBXShellScriptBuildPhase;
			buildActionMask = 2147483647;
			files = (
			);
			inputPaths = (
				"${PODS_PODFILE_DIR_PATH}/Podfile.lock",
				"${PODS_ROOT}/Manifest.lock",
			);
			name = "[CP] Check Pods Manifest.lock";
			outputPaths = (
				"$(DERIVED_FILE_DIR)/Pods-RxExample-checkManifestLockResult.txt",
			);
			runOnlyForDeploymentPostprocessing = 0;
			shellPath = /bin/sh;
			shellScript = "diff \"${PODS_PODFILE_DIR_PATH}/Podfile.lock\" \"${PODS_ROOT}/Manifest.lock\" > /dev/null\nif [ $? != 0 ] ; then\n    # print error to STDERR\n    echo \"error: The sandbox is not in sync with the Podfile.lock. Run 'pod install' or update your CocoaPods installation.\" >&2\n    exit 1\nfi\n# This output is used by Xcode 'outputs' to avoid re-running this script phase.\necho \"SUCCESS\" > \"${SCRIPT_OUTPUT_FILE_0}\"\n";
			showEnvVarsInLog = 0;
		};
/* End PBXShellScriptBuildPhase section */

/* Begin PBXSourcesBuildPhase section */
		6702D7ED208E4FB300A90B7B /* Sources */ = {
			isa = PBXSourcesBuildPhase;
			buildActionMask = 2147483647;
			files = (
				67573D25208F99060040CE33 /* UITableView+Registration.swift in Sources */,
				6702D7F7208E4FB300A90B7B /* ViewController.swift in Sources */,
				67C15438208E5996002F25A6 /* ShopListViewModel.swift in Sources */,
				67C1544B208E658E002F25A6 /* ShopListServiceProtocol.swift in Sources */,
				67573D21208F98AB0040CE33 /* NibLoadable.swift in Sources */,
				67C1542B208E5779002F25A6 /* ViewModelContainer.swift in Sources */,
				67573D29208F99B70040CE33 /* SubtitleCell.swift in Sources */,
				67C15443208E5DE4002F25A6 /* ListItem.swift in Sources */,
				67C1542D208E578D002F25A6 /* ViewControllerContainer.swift in Sources */,
				67C15446208E5E39002F25A6 /* ListPosition+Animatable.swift in Sources */,
				67C15422208E53B5002F25A6 /* Request.swift in Sources */,
				67C15427208E543D002F25A6 /* ReachabilityService.swift in Sources */,
				67C1543C208E5C1E002F25A6 /* ShopListViewModelProtocol.swift in Sources */,
				67C15449208E62F4002F25A6 /* ShopListService.swift in Sources */,
				67C1541F208E535E002F25A6 /* API.swift in Sources */,
				67C15425208E53D7002F25A6 /* BaseNetworking.swift in Sources */,
				67C15436208E5945002F25A6 /* ShopListViewController.swift in Sources */,
				6702D7F5208E4FB300A90B7B /* AppDelegate.swift in Sources */,
				67573D23208F98BA0040CE33 /* Reusable.swift in Sources */,
				67C15441208E5DD4002F25A6 /* ListPosition.swift in Sources */,
				67C15431208E57BF002F25A6 /* ServiceContainer.swift in Sources */,
			);
			runOnlyForDeploymentPostprocessing = 0;
		};
/* End PBXSourcesBuildPhase section */

/* Begin PBXVariantGroup section */
		6702D7F8208E4FB300A90B7B /* Main.storyboard */ = {
			isa = PBXVariantGroup;
			children = (
				6702D7F9208E4FB300A90B7B /* Base */,
			);
			name = Main.storyboard;
			sourceTree = "<group>";
		};
		6702D7FD208E4FB400A90B7B /* LaunchScreen.storyboard */ = {
			isa = PBXVariantGroup;
			children = (
				6702D7FE208E4FB400A90B7B /* Base */,
			);
			name = LaunchScreen.storyboard;
			sourceTree = "<group>";
		};
/* End PBXVariantGroup section */

/* Begin XCBuildConfiguration section */
		6702D801208E4FB400A90B7B /* Debug */ = {
			isa = XCBuildConfiguration;
			buildSettings = {
				ALWAYS_SEARCH_USER_PATHS = NO;
				CLANG_ANALYZER_NONNULL = YES;
				CLANG_ANALYZER_NUMBER_OBJECT_CONVERSION = YES_AGGRESSIVE;
				CLANG_CXX_LANGUAGE_STANDARD = "gnu++14";
				CLANG_CXX_LIBRARY = "libc++";
				CLANG_ENABLE_MODULES = YES;
				CLANG_ENABLE_OBJC_ARC = YES;
				CLANG_ENABLE_OBJC_WEAK = YES;
				CLANG_WARN_BLOCK_CAPTURE_AUTORELEASING = YES;
				CLANG_WARN_BOOL_CONVERSION = YES;
				CLANG_WARN_COMMA = YES;
				CLANG_WARN_CONSTANT_CONVERSION = YES;
				CLANG_WARN_DEPRECATED_OBJC_IMPLEMENTATIONS = YES;
				CLANG_WARN_DIRECT_OBJC_ISA_USAGE = YES_ERROR;
				CLANG_WARN_DOCUMENTATION_COMMENTS = YES;
				CLANG_WARN_EMPTY_BODY = YES;
				CLANG_WARN_ENUM_CONVERSION = YES;
				CLANG_WARN_INFINITE_RECURSION = YES;
				CLANG_WARN_INT_CONVERSION = YES;
				CLANG_WARN_NON_LITERAL_NULL_CONVERSION = YES;
				CLANG_WARN_OBJC_IMPLICIT_RETAIN_SELF = YES;
				CLANG_WARN_OBJC_LITERAL_CONVERSION = YES;
				CLANG_WARN_OBJC_ROOT_CLASS = YES_ERROR;
				CLANG_WARN_RANGE_LOOP_ANALYSIS = YES;
				CLANG_WARN_STRICT_PROTOTYPES = YES;
				CLANG_WARN_SUSPICIOUS_MOVE = YES;
				CLANG_WARN_UNGUARDED_AVAILABILITY = YES_AGGRESSIVE;
				CLANG_WARN_UNREACHABLE_CODE = YES;
				CLANG_WARN__DUPLICATE_METHOD_MATCH = YES;
				CODE_SIGN_IDENTITY = "iPhone Developer";
				COPY_PHASE_STRIP = NO;
				DEBUG_INFORMATION_FORMAT = dwarf;
				ENABLE_STRICT_OBJC_MSGSEND = YES;
				ENABLE_TESTABILITY = YES;
				GCC_C_LANGUAGE_STANDARD = gnu11;
				GCC_DYNAMIC_NO_PIC = NO;
				GCC_NO_COMMON_BLOCKS = YES;
				GCC_OPTIMIZATION_LEVEL = 0;
				GCC_PREPROCESSOR_DEFINITIONS = (
					"DEBUG=1",
					"$(inherited)",
				);
				GCC_WARN_64_TO_32_BIT_CONVERSION = YES;
				GCC_WARN_ABOUT_RETURN_TYPE = YES_ERROR;
				GCC_WARN_UNDECLARED_SELECTOR = YES;
				GCC_WARN_UNINITIALIZED_AUTOS = YES_AGGRESSIVE;
				GCC_WARN_UNUSED_FUNCTION = YES;
				GCC_WARN_UNUSED_VARIABLE = YES;
				IPHONEOS_DEPLOYMENT_TARGET = 11.3;
				MTL_ENABLE_DEBUG_INFO = YES;
				ONLY_ACTIVE_ARCH = YES;
				SDKROOT = iphoneos;
				SWIFT_ACTIVE_COMPILATION_CONDITIONS = DEBUG;
				SWIFT_OPTIMIZATION_LEVEL = "-Onone";
			};
			name = Debug;
		};
		6702D802208E4FB400A90B7B /* Release */ = {
			isa = XCBuildConfiguration;
			buildSettings = {
				ALWAYS_SEARCH_USER_PATHS = NO;
				CLANG_ANALYZER_NONNULL = YES;
				CLANG_ANALYZER_NUMBER_OBJECT_CONVERSION = YES_AGGRESSIVE;
				CLANG_CXX_LANGUAGE_STANDARD = "gnu++14";
				CLANG_CXX_LIBRARY = "libc++";
				CLANG_ENABLE_MODULES = YES;
				CLANG_ENABLE_OBJC_ARC = YES;
				CLANG_ENABLE_OBJC_WEAK = YES;
				CLANG_WARN_BLOCK_CAPTURE_AUTORELEASING = YES;
				CLANG_WARN_BOOL_CONVERSION = YES;
				CLANG_WARN_COMMA = YES;
				CLANG_WARN_CONSTANT_CONVERSION = YES;
				CLANG_WARN_DEPRECATED_OBJC_IMPLEMENTATIONS = YES;
				CLANG_WARN_DIRECT_OBJC_ISA_USAGE = YES_ERROR;
				CLANG_WARN_DOCUMENTATION_COMMENTS = YES;
				CLANG_WARN_EMPTY_BODY = YES;
				CLANG_WARN_ENUM_CONVERSION = YES;
				CLANG_WARN_INFINITE_RECURSION = YES;
				CLANG_WARN_INT_CONVERSION = YES;
				CLANG_WARN_NON_LITERAL_NULL_CONVERSION = YES;
				CLANG_WARN_OBJC_IMPLICIT_RETAIN_SELF = YES;
				CLANG_WARN_OBJC_LITERAL_CONVERSION = YES;
				CLANG_WARN_OBJC_ROOT_CLASS = YES_ERROR;
				CLANG_WARN_RANGE_LOOP_ANALYSIS = YES;
				CLANG_WARN_STRICT_PROTOTYPES = YES;
				CLANG_WARN_SUSPICIOUS_MOVE = YES;
				CLANG_WARN_UNGUARDED_AVAILABILITY = YES_AGGRESSIVE;
				CLANG_WARN_UNREACHABLE_CODE = YES;
				CLANG_WARN__DUPLICATE_METHOD_MATCH = YES;
				CODE_SIGN_IDENTITY = "iPhone Developer";
				COPY_PHASE_STRIP = NO;
				DEBUG_INFORMATION_FORMAT = "dwarf-with-dsym";
				ENABLE_NS_ASSERTIONS = NO;
				ENABLE_STRICT_OBJC_MSGSEND = YES;
				GCC_C_LANGUAGE_STANDARD = gnu11;
				GCC_NO_COMMON_BLOCKS = YES;
				GCC_WARN_64_TO_32_BIT_CONVERSION = YES;
				GCC_WARN_ABOUT_RETURN_TYPE = YES_ERROR;
				GCC_WARN_UNDECLARED_SELECTOR = YES;
				GCC_WARN_UNINITIALIZED_AUTOS = YES_AGGRESSIVE;
				GCC_WARN_UNUSED_FUNCTION = YES;
				GCC_WARN_UNUSED_VARIABLE = YES;
				IPHONEOS_DEPLOYMENT_TARGET = 11.3;
				MTL_ENABLE_DEBUG_INFO = NO;
				SDKROOT = iphoneos;
				SWIFT_COMPILATION_MODE = wholemodule;
				SWIFT_OPTIMIZATION_LEVEL = "-O";
				VALIDATE_PRODUCT = YES;
			};
			name = Release;
		};
		6702D804208E4FB400A90B7B /* Debug */ = {
			isa = XCBuildConfiguration;
			baseConfigurationReference = CFA147B2DC666F6492E60E11 /* Pods-RxExample.debug.xcconfig */;
			buildSettings = {
				ASSETCATALOG_COMPILER_APPICON_NAME = AppIcon;
				CODE_SIGN_STYLE = Automatic;
				INFOPLIST_FILE = RxExample/Info.plist;
				LD_RUNPATH_SEARCH_PATHS = (
					"$(inherited)",
					"@executable_path/Frameworks",
				);
				PRODUCT_BUNDLE_IDENTIFIER = com.RxExample;
				PRODUCT_NAME = "$(TARGET_NAME)";
				SWIFT_VERSION = 4.0;
				TARGETED_DEVICE_FAMILY = "1,2";
			};
			name = Debug;
		};
		6702D805208E4FB400A90B7B /* Release */ = {
			isa = XCBuildConfiguration;
			baseConfigurationReference = 16E785E2A69982598F4D289D /* Pods-RxExample.release.xcconfig */;
			buildSettings = {
				ASSETCATALOG_COMPILER_APPICON_NAME = AppIcon;
				CODE_SIGN_STYLE = Automatic;
				INFOPLIST_FILE = RxExample/Info.plist;
				LD_RUNPATH_SEARCH_PATHS = (
					"$(inherited)",
					"@executable_path/Frameworks",
				);
				PRODUCT_BUNDLE_IDENTIFIER = com.RxExample;
				PRODUCT_NAME = "$(TARGET_NAME)";
				SWIFT_VERSION = 4.0;
				TARGETED_DEVICE_FAMILY = "1,2";
			};
			name = Release;
		};
/* End XCBuildConfiguration section */

/* Begin XCConfigurationList section */
		6702D7EC208E4FB300A90B7B /* Build configuration list for PBXProject "RxExample" */ = {
			isa = XCConfigurationList;
			buildConfigurations = (
				6702D801208E4FB400A90B7B /* Debug */,
				6702D802208E4FB400A90B7B /* Release */,
			);
			defaultConfigurationIsVisible = 0;
			defaultConfigurationName = Release;
		};
		6702D803208E4FB400A90B7B /* Build configuration list for PBXNativeTarget "RxExample" */ = {
			isa = XCConfigurationList;
			buildConfigurations = (
				6702D804208E4FB400A90B7B /* Debug */,
				6702D805208E4FB400A90B7B /* Release */,
			);
			defaultConfigurationIsVisible = 0;
			defaultConfigurationName = Release;
		};
/* End XCConfigurationList section */
	};
	rootObject = 6702D7E9208E4FB300A90B7B /* Project object */;
}
